
Microsoft Visual Studio Solution File, Format Version 12.00
# Visual Studio Version 16
VisualStudioVersion = 16.0.30611.23
MinimumVisualStudioVersion = 10.0.40219.1
Project("{FAE04EC0-301F-11D3-BF4B-00C04F79EFBC}") = "AccesoDatos", "AccesoDatos\AccesoDatos.csproj", "{D1E6A4EF-A771-4C2D-B3FD-A6ECFE39A411}"
EndProject
Project("{FAE04EC0-301F-11D3-BF4B-00C04F79EFBC}") = "Negocio", "Negocio\Negocio.csproj", "{08153BE8-050D-4E39-855F-97EFA16D247C}"
EndProject
Project("{FAE04EC0-301F-11D3-BF4B-00C04F79EFBC}") = "Util", "Util\Util.csproj", "{C83AF7F3-1FEB-489A-AE55-FF86D8ED8D97}"
EndProject
Project("{FAE04EC0-301F-11D3-BF4B-00C04F79EFBC}") = "Repository", "Repository\Repository.csproj", "{F1627E23-0D01-4BB4-93E3-F3939845C0AE}"
EndProject
Project("{2150E333-8FDC-42A3-9474-1A3956D46DE8}") = "1. DataBase", "1. DataBase", "{6A8A7D26-F6EB-4AF7-8084-5DDE45915BDA}"
EndProject
Project("{2150E333-8FDC-42A3-9474-1A3956D46DE8}") = "2. Negocio", "2. Negocio", "{1B962A9E-80C3-4C24-8F54-565221D87510}"
EndProject
Project("{2150E333-8FDC-42A3-9474-1A3956D46DE8}") = "3. Util", "3. Util", "{DA72A2A6-6E2B-4BE8-98BC-D6E9FFC47B8B}"
EndProject
Project("{2150E333-8FDC-42A3-9474-1A3956D46DE8}") = "4. App", "4. App", "{D917B4FC-C7D4-4C75-9650-2FE8EF526532}"
EndProject
Project("{2150E333-8FDC-42A3-9474-1A3956D46DE8}") = "5. Test", "5. Test", "{8D32ACB5-3B2A-48C9-B402-B23787981D1E}"
EndProject
Project("{FAE04EC0-301F-11D3-BF4B-00C04F79EFBC}") = "WinFormTest", "WinFormTest\WinFormTest.csproj", "{329EA443-696F-41E6-8075-70B48BD70EC9}"
EndProject
Project("{FAE04EC0-301F-11D3-BF4B-00C04F79EFBC}") = "WebApp", "WebApp\WebApp.csproj", "{9F4C7EB1-BD57-4662-9755-890F9A2C972B}"
EndProject
Global
	GlobalSection(SolutionConfigurationPlatforms) = preSolution
		Debug|Any CPU = Debug|Any CPU
		Release|Any CPU = Release|Any CPU
	EndGlobalSection
	GlobalSection(ProjectConfigurationPlatforms) = postSolution
		{D1E6A4EF-A771-4C2D-B3FD-A6ECFE39A411}.Debug|Any CPU.ActiveCfg = Debug|Any CPU
		{D1E6A4EF-A771-4C2D-B3FD-A6ECFE39A411}.Debug|Any CPU.Build.0 = Debug|Any CPU
		{D1E6A4EF-A771-4C2D-B3FD-A6ECFE39A411}.Release|Any CPU.ActiveCfg = Release|Any CPU
		{D1E6A4EF-A771-4C2D-B3FD-A6ECFE39A411}.Release|Any CPU.Build.0 = Release|Any CPU
		{08153BE8-050D-4E39-855F-97EFA16D247C}.Debug|Any CPU.ActiveCfg = Debug|Any CPU
		{08153BE8-050D-4E39-855F-97EFA16D247C}.Debug|Any CPU.Build.0 = Debug|Any CPU
		{08153BE8-050D-4E39-855F-97EFA16D247C}.Release|Any CPU.ActiveCfg = Release|Any CPU
		{08153BE8-050D-4E39-855F-97EFA16D247C}.Release|Any CPU.Build.0 = Release|Any CPU
		{C83AF7F3-1FEB-489A-AE55-FF86D8ED8D97}.Debug|Any CPU.ActiveCfg = Debug|Any CPU
		{C83AF7F3-1FEB-489A-AE55-FF86D8ED8D97}.Debug|Any CPU.Build.0 = Debug|Any CPU
		{C83AF7F3-1FEB-489A-AE55-FF86D8ED8D97}.Release|Any CPU.ActiveCfg = Release|Any CPU
		{C83AF7F3-1FEB-489A-AE55-FF86D8ED8D97}.Release|Any CPU.Build.0 = Release|Any CPU
		{F1627E23-0D01-4BB4-93E3-F3939845C0AE}.Debug|Any CPU.ActiveCfg = Debug|Any CPU
		{F1627E23-0D01-4BB4-93E3-F3939845C0AE}.Debug|Any CPU.Build.0 = Debug|Any CPU
		{F1627E23-0D01-4BB4-93E3-F3939845C0AE}.Release|Any CPU.ActiveCfg = Release|Any CPU
		{F1627E23-0D01-4BB4-93E3-F3939845C0AE}.Release|Any CPU.Build.0 = Release|Any CPU
		{329EA443-696F-41E6-8075-70B48BD70EC9}.Debug|Any CPU.ActiveCfg = Debug|Any CPU
		{329EA443-696F-41E6-8075-70B48BD70EC9}.Debug|Any CPU.Build.0 = Debug|Any CPU
		{329EA443-696F-41E6-8075-70B48BD70EC9}.Release|Any CPU.ActiveCfg = Release|Any CPU
		{329EA443-696F-41E6-8075-70B48BD70EC9}.Release|Any CPU.Build.0 = Release|Any CPU
		{9F4C7EB1-BD57-4662-9755-890F9A2C972B}.Debug|Any CPU.ActiveCfg = Debug|Any CPU
		{9F4C7EB1-BD57-4662-9755-890F9A2C972B}.Debug|Any CPU.Build.0 = Debug|Any CPU
		{9F4C7EB1-BD57-4662-9755-890F9A2C972B}.Release|Any CPU.ActiveCfg = Release|Any CPU
		{9F4C7EB1-BD57-4662-9755-890F9A2C972B}.Release|Any CPU.Build.0 = Release|Any CPU
	EndGlobalSection
	GlobalSection(SolutionProperties) = preSolution
		HideSolutionNode = FALSE
	EndGlobalSection
	GlobalSection(NestedProjects) = preSolution
		{D1E6A4EF-A771-4C2D-B3FD-A6ECFE39A411} = {6A8A7D26-F6EB-4AF7-8084-5DDE45915BDA}
		{08153BE8-050D-4E39-855F-97EFA16D247C} = {1B962A9E-80C3-4C24-8F54-565221D87510}
		{C83AF7F3-1FEB-489A-AE55-FF86D8ED8D97} = {DA72A2A6-6E2B-4BE8-98BC-D6E9FFC47B8B}
		{F1627E23-0D01-4BB4-93E3-F3939845C0AE} = {1B962A9E-80C3-4C24-8F54-565221D87510}
		{329EA443-696F-41E6-8075-70B48BD70EC9} = {8D32ACB5-3B2A-48C9-B402-B23787981D1E}
		{9F4C7EB1-BD57-4662-9755-890F9A2C972B} = {D917B4FC-C7D4-4C75-9650-2FE8EF526532}
	EndGlobalSection
	GlobalSection(ExtensibilityGlobals) = postSolution
		SolutionGuid = {C1E1C96B-1D71-4220-81D3-F5B8D1C03304}
	EndGlobalSection
EndGlobal
